
Microsoft Visual Studio Solution File, Format Version 12.00
# Visual Studio Version 17
VisualStudioVersion = 17.11.35222.181
MinimumVisualStudioVersion = 10.0.40219.1
Project("{FAE04EC0-301F-11D3-BF4B-00C04F79EFBC}") = "DaniloPrueba", "DaniloPrueba.csproj", "{848589EF-8862-4BF6-A59A-6EDA42DA19EC}"
EndProject
Global
	GlobalSection(SolutionConfigurationPlatforms) = preSolution
		Debug|Any CPU = Debug|Any CPU
		Release|Any CPU = Release|Any CPU
	EndGlobalSection
	GlobalSection(ProjectConfigurationPlatforms) = postSolution
		{848589EF-8862-4BF6-A59A-6EDA42DA19EC}.Debug|Any CPU.ActiveCfg = Debug|Any CPU
		{848589EF-8862-4BF6-A59A-6EDA42DA19EC}.Debug|Any CPU.Build.0 = Debug|Any CPU
		{848589EF-8862-4BF6-A59A-6EDA42DA19EC}.Release|Any CPU.ActiveCfg = Release|Any CPU
		{848589EF-8862-4BF6-A59A-6EDA42DA19EC}.Release|Any CPU.Build.0 = Release|Any CPU
	EndGlobalSection
	GlobalSection(SolutionProperties) = preSolution
		HideSolutionNode = FALSE
	EndGlobalSection
	GlobalSection(ExtensibilityGlobals) = postSolution
		SolutionGuid = {6DAF77A6-F1B0-414E-BC06-815068CCB4E8}
	EndGlobalSection
EndGlobal
